
Microsoft Visual Studio Solution File, Format Version 12.00
# Visual Studio Version 16
VisualStudioVersion = 16.0.29102.190
MinimumVisualStudioVersion = 10.0.40219.1
Project("{FAE04EC0-301F-11D3-BF4B-00C04F79EFBC}") = "HW1A", "HW1A\HW1A.csproj", "{5F07B535-F8B2-48AC-B15F-D7CCB65E5343}"
EndProject
Global
	GlobalSection(SolutionConfigurationPlatforms) = preSolution
		Debug|Any CPU = Debug|Any CPU
		Release|Any CPU = Release|Any CPU
	EndGlobalSection
	GlobalSection(ProjectConfigurationPlatforms) = postSolution
		{5F07B535-F8B2-48AC-B15F-D7CCB65E5343}.Debug|Any CPU.ActiveCfg = Debug|Any CPU
		{5F07B535-F8B2-48AC-B15F-D7CCB65E5343}.Debug|Any CPU.Build.0 = Debug|Any CPU
		{5F07B535-F8B2-48AC-B15F-D7CCB65E5343}.Release|Any CPU.ActiveCfg = Release|Any CPU
		{5F07B535-F8B2-48AC-B15F-D7CCB65E5343}.Release|Any CPU.Build.0 = Release|Any CPU
	EndGlobalSection
	GlobalSection(SolutionProperties) = preSolution
		HideSolutionNode = FALSE
	EndGlobalSection
	GlobalSection(ExtensibilityGlobals) = postSolution
		SolutionGuid = {B34FBA56-8E90-4B64-AF2A-547F906D2D9C}
	EndGlobalSection
EndGlobal
